{
    "_readme": [
        "This file locks the dependencies of your project to a known state",
        "Read more about it at https://getcomposer.org/doc/01-basic-usage.md#installing-dependencies",
        "This file is @generated automatically"
    ],
    "content-hash": "82c79dfaece018a6c9cb7b0b123fe313",
    "packages": [
        {
            "name": "php-developer/lambda-nano",
            "version": "v0.5",
            "source": {
                "type": "git",
                "url": "https://github.com/jmurowaniecki/lambda-nano.git",
                "reference": "06fc037896dccbab9a8b4be5328ebcca29976973"
            },
            "dist": {
                "type": "zip",
                "url": "https://api.github.com/repos/jmurowaniecki/lambda-nano/zipball/06fc037896dccbab9a8b4be5328ebcca29976973",
                "reference": "06fc037896dccbab9a8b4be5328ebcca29976973",
                "shasum": ""
            },
            "require": {
                "php": ">=8.0.0"
            },
            "type": "library",
            "autoload": {
                "psr-0": {
                    "CORE\\": "src/"
                },
                "psr-4": {
                    "CORE\\": "src/"
                },
                "classmap": [
                    "src/bootstrap.php"
                ]
            },
            "notification-url": "https://packagist.org/downloads/",
            "license": [
                "CC-BY-4.0"
            ],
            "authors": [
                {
                    "name": "John Murowaniecki",
                    "email": "john@compilou.com.br"
                }
            ],
            "description": "Simple & lightweight PHP 8 framework.",
            "support": {
                "issues": "https://github.com/jmurowaniecki/lambda-nano/issues",
                "source": "https://github.com/jmurowaniecki/lambda-nano/tree/v0.5"
            },
            "time": "2021-09-10T15:00:47+00:00"
        }
    ],
    "packages-dev": [
        {
            "name": "heroku/heroku-buildpack-php",
            "version": "v197",
            "source": {
                "type": "git",
                "url": "https://github.com/heroku/heroku-buildpack-php.git",
                "reference": "0b77e568edae1c65d7cfb2f56db80291ca8688cf"
            },
            "dist": {
                "type": "zip",
                "url": "https://api.github.com/repos/heroku/heroku-buildpack-php/zipball/0b77e568edae1c65d7cfb2f56db80291ca8688cf",
                "reference": "0b77e568edae1c65d7cfb2f56db80291ca8688cf",
                "shasum": ""
            },
            "bin": [
                "bin/heroku-php-apache2",
                "bin/heroku-php-nginx"
            ],
            "type": "library",
            "notification-url": "https://packagist.org/downloads/",
            "license": [
                "MIT"
            ],
            "authors": [
                {
                    "name": "David Zuelke",
                    "email": "dz@heroku.com"
                }
            ],
            "description": "Toolkit for starting a PHP application locally, with or without foreman, using the same config for PHP and Apache2/Nginx as on Heroku",
            "homepage": "https://github.com/heroku/heroku-buildpack-php",
            "keywords": [
                "apache",
                "apache2",
                "foreman",
                "heroku",
                "nginx",
                "php"
            ],
            "support": {
                "issues": "https://github.com/heroku/heroku-buildpack-php/issues",
                "source": "https://github.com/heroku/heroku-buildpack-php/tree/v197"
            },
            "time": "2021-08-26T17:23:39+00:00"
        }
    ],
    "aliases": [],
    "minimum-stability": "stable",
    "stability-flags": [],
    "prefer-stable": false,
    "prefer-lowest": false,
    "platform": {
        "php": ">=8.0.0"
    },
    "platform-dev": [],
    "plugin-api-version": "2.1.0"
}
